
Microsoft Visual Studio Solution File, Format Version 12.00
# Visual Studio Version 17
VisualStudioVersion = 17.13.35828.75
MinimumVisualStudioVersion = 10.0.40219.1
Project("{FAE04EC0-301F-11D3-BF4B-00C04F79EFBC}") = "Ejercicios enum", "TP8\Ejercicios enum.csproj", "{AA13B215-594F-474F-9CCE-95B26F41B2BA}"
EndProject
Global
	GlobalSection(SolutionConfigurationPlatforms) = preSolution
		Debug|Any CPU = Debug|Any CPU
		Release|Any CPU = Release|Any CPU
	EndGlobalSection
	GlobalSection(ProjectConfigurationPlatforms) = postSolution
		{AA13B215-594F-474F-9CCE-95B26F41B2BA}.Debug|Any CPU.ActiveCfg = Debug|Any CPU
		{AA13B215-594F-474F-9CCE-95B26F41B2BA}.Debug|Any CPU.Build.0 = Debug|Any CPU
		{AA13B215-594F-474F-9CCE-95B26F41B2BA}.Release|Any CPU.ActiveCfg = Release|Any CPU
		{AA13B215-594F-474F-9CCE-95B26F41B2BA}.Release|Any CPU.Build.0 = Release|Any CPU
	EndGlobalSection
	GlobalSection(SolutionProperties) = preSolution
		HideSolutionNode = FALSE
	EndGlobalSection
	GlobalSection(ExtensibilityGlobals) = postSolution
		SolutionGuid = {7505E821-7C82-41C3-8346-5ED92EA1EE41}
	EndGlobalSection
EndGlobal
